
Microsoft Visual Studio Solution File, Format Version 12.00
# Visual Studio Version 17
VisualStudioVersion = 17.5.33318.248
MinimumVisualStudioVersion = 10.0.40219.1
Project("{FAE04EC0-301F-11D3-BF4B-00C04F79EFBC}") = "Создание HttpClient", "Создание HttpClient\Создание HttpClient.csproj", "{75409BF0-6904-4EB5-9A6E-4AF8CE8FE7F5}"
EndProject
Global
	GlobalSection(SolutionConfigurationPlatforms) = preSolution
		Debug|Any CPU = Debug|Any CPU
		Release|Any CPU = Release|Any CPU
	EndGlobalSection
	GlobalSection(ProjectConfigurationPlatforms) = postSolution
		{75409BF0-6904-4EB5-9A6E-4AF8CE8FE7F5}.Debug|Any CPU.ActiveCfg = Debug|Any CPU
		{75409BF0-6904-4EB5-9A6E-4AF8CE8FE7F5}.Debug|Any CPU.Build.0 = Debug|Any CPU
		{75409BF0-6904-4EB5-9A6E-4AF8CE8FE7F5}.Release|Any CPU.ActiveCfg = Release|Any CPU
		{75409BF0-6904-4EB5-9A6E-4AF8CE8FE7F5}.Release|Any CPU.Build.0 = Release|Any CPU
	EndGlobalSection
	GlobalSection(SolutionProperties) = preSolution
		HideSolutionNode = FALSE
	EndGlobalSection
	GlobalSection(ExtensibilityGlobals) = postSolution
		SolutionGuid = {6F951C70-6B10-4B88-B17A-4DFD4BAB4968}
	EndGlobalSection
EndGlobal
